{
  "version": "5",
  "specifiers": {
    "npm:@angular/cdk@^21.0.6": "21.0.6_@angular+common@21.0.8__@angular+core@21.0.8___rxjs@7.8.2__rxjs@7.8.2_@angular+core@21.0.8__rxjs@7.8.2_rxjs@7.8.2",
    "npm:@angular/material@^21.0.6": "21.0.6_@angular+cdk@21.0.6__@angular+common@21.0.8___@angular+core@21.0.8____rxjs@7.8.2___rxjs@7.8.2__@angular+core@21.0.8___rxjs@7.8.2__rxjs@7.8.2_@angular+common@21.0.8__@angular+core@21.0.8___rxjs@7.8.2__rxjs@7.8.2_@angular+core@21.0.8__rxjs@7.8.2_@angular+forms@21.0.8__@angular+common@21.0.8___@angular+core@21.0.8____rxjs@7.8.2___rxjs@7.8.2__@angular+core@21.0.8___rxjs@7.8.2__@angular+platform-browser@21.0.8___@angular+common@21.0.8____@angular+core@21.0.8_____rxjs@7.8.2____rxjs@7.8.2___@angular+core@21.0.8____rxjs@7.8.2___rxjs@7.8.2__rxjs@7.8.2_@angular+platform-browser@21.0.8__@angular+common@21.0.8___@angular+core@21.0.8____rxjs@7.8.2___rxjs@7.8.2__@angular+core@21.0.8___rxjs@7.8.2__rxjs@7.8.2_rxjs@7.8.2",
    "npm:@catppuccin/palette@^1.7.1": "1.7.1",
    "npm:sass@^1.97.2": "1.97.2"
  },
  "npm": {
    "@angular/cdk@21.0.6_@angular+common@21.0.8__@angular+core@21.0.8___rxjs@7.8.2__rxjs@7.8.2_@angular+core@21.0.8__rxjs@7.8.2_rxjs@7.8.2": {
      "integrity": "sha512-5Gw8mXtKXvcvDMWEciPLRYB6Ja5vsikLAidZsdCEIF6Bc51GmoqT5Tk/Ke+ciCd5Hq9Aco/IcHxT1RC3470lZg==",
      "dependencies": [
        "@angular/common",
        "@angular/core",
        "parse5",
        "rxjs",
        "tslib"
      ]
    },
    "@angular/common@21.0.8_@angular+core@21.0.8__rxjs@7.8.2_rxjs@7.8.2": {
      "integrity": "sha512-on1B4oc/pf7IlkbG08Et/cCDSX8dpZz9iwp3zMFN/0JvorspyL5YOovFJfjdpmjdlrIi+ToGImwyIkY9P8Mblw==",
      "dependencies": [
        "@angular/core",
        "rxjs",
        "tslib"
      ]
    },
    "@angular/core@21.0.8_rxjs@7.8.2": {
      "integrity": "sha512-8dNolIQn8WHrD3PsqGuPrujxDX5hjpMbioifIByjjX9yaJy9on7AewVGb8m/DHVwWQ1eGVAGmvW9wt+h+nlzLg==",
      "dependencies": [
        "rxjs",
        "tslib"
      ]
    },
    "@angular/forms@21.0.8_@angular+common@21.0.8__@angular+core@21.0.8___rxjs@7.8.2__rxjs@7.8.2_@angular+core@21.0.8__rxjs@7.8.2_@angular+platform-browser@21.0.8__@angular+common@21.0.8___@angular+core@21.0.8____rxjs@7.8.2___rxjs@7.8.2__@angular+core@21.0.8___rxjs@7.8.2__rxjs@7.8.2_rxjs@7.8.2": {
      "integrity": "sha512-H03A50elawXO53xkz0Aytar5kYT14GLeaj6dLKc1kcR5NqvX9Y/R7z3bY52tvypAdIR8CmPT7ad07TlT4O9lkg==",
      "dependencies": [
        "@angular/common",
        "@angular/core",
        "@angular/platform-browser",
        "@standard-schema/spec",
        "rxjs",
        "tslib"
      ]
    },
    "@angular/material@21.0.6_@angular+cdk@21.0.6__@angular+common@21.0.8___@angular+core@21.0.8____rxjs@7.8.2___rxjs@7.8.2__@angular+core@21.0.8___rxjs@7.8.2__rxjs@7.8.2_@angular+common@21.0.8__@angular+core@21.0.8___rxjs@7.8.2__rxjs@7.8.2_@angular+core@21.0.8__rxjs@7.8.2_@angular+forms@21.0.8__@angular+common@21.0.8___@angular+core@21.0.8____rxjs@7.8.2___rxjs@7.8.2__@angular+core@21.0.8___rxjs@7.8.2__@angular+platform-browser@21.0.8___@angular+common@21.0.8____@angular+core@21.0.8_____rxjs@7.8.2____rxjs@7.8.2___@angular+core@21.0.8____rxjs@7.8.2___rxjs@7.8.2__rxjs@7.8.2_@angular+platform-browser@21.0.8__@angular+common@21.0.8___@angular+core@21.0.8____rxjs@7.8.2___rxjs@7.8.2__@angular+core@21.0.8___rxjs@7.8.2__rxjs@7.8.2_rxjs@7.8.2": {
      "integrity": "sha512-BSbqFkVIjpXS+UGD7R1jDnuKArMCtLSKHL/1f/9mvHM4AntRFC88MQJMjS0k+pHCofN+MBMEpzBVrDOOqL+46A==",
      "dependencies": [
        "@angular/cdk",
        "@angular/common",
        "@angular/core",
        "@angular/forms",
        "@angular/platform-browser",
        "rxjs",
        "tslib"
      ]
    },
    "@angular/platform-browser@21.0.8_@angular+common@21.0.8__@angular+core@21.0.8___rxjs@7.8.2__rxjs@7.8.2_@angular+core@21.0.8__rxjs@7.8.2_rxjs@7.8.2": {
      "integrity": "sha512-5rPyrP6n6ClO0ZEUXndS2/Xb7nZrbjjYWOxgfCb+ZTCiU7eyN6zhSmicKk2dLQxE1M15wbTa87dN6/Ytuq2uvg==",
      "dependencies": [
        "@angular/common",
        "@angular/core",
        "tslib"
      ]
    },
    "@catppuccin/palette@1.7.1": {
      "integrity": "sha512-aRc1tbzrevOTV7nFTT9SRdF26w/MIwT4Jwt4fDMc9itRZUDXCuEDBLyz4TQMlqO9ZP8mf5Hu4Jr6D03NLFc6Gw=="
    },
    "@parcel/watcher-android-arm64@2.5.1": {
      "integrity": "sha512-KF8+j9nNbUN8vzOFDpRMsaKBHZ/mcjEjMToVMJOhTozkDonQFFrRcfdLWn6yWKCmJKmdVxSgHiYvTCef4/qcBA==",
      "os": ["android"],
      "cpu": ["arm64"]
    },
    "@parcel/watcher-darwin-arm64@2.5.1": {
      "integrity": "sha512-eAzPv5osDmZyBhou8PoF4i6RQXAfeKL9tjb3QzYuccXFMQU0ruIc/POh30ePnaOyD1UXdlKguHBmsTs53tVoPw==",
      "os": ["darwin"],
      "cpu": ["arm64"]
    },
    "@parcel/watcher-darwin-x64@2.5.1": {
      "integrity": "sha512-1ZXDthrnNmwv10A0/3AJNZ9JGlzrF82i3gNQcWOzd7nJ8aj+ILyW1MTxVk35Db0u91oD5Nlk9MBiujMlwmeXZg==",
      "os": ["darwin"],
      "cpu": ["x64"]
    },
    "@parcel/watcher-freebsd-x64@2.5.1": {
      "integrity": "sha512-SI4eljM7Flp9yPuKi8W0ird8TI/JK6CSxju3NojVI6BjHsTyK7zxA9urjVjEKJ5MBYC+bLmMcbAWlZ+rFkLpJQ==",
      "os": ["freebsd"],
      "cpu": ["x64"]
    },
    "@parcel/watcher-linux-arm-glibc@2.5.1": {
      "integrity": "sha512-RCdZlEyTs8geyBkkcnPWvtXLY44BCeZKmGYRtSgtwwnHR4dxfHRG3gR99XdMEdQ7KeiDdasJwwvNSF5jKtDwdA==",
      "os": ["linux"],
      "cpu": ["arm"]
    },
    "@parcel/watcher-linux-arm-musl@2.5.1": {
      "integrity": "sha512-6E+m/Mm1t1yhB8X412stiKFG3XykmgdIOqhjWj+VL8oHkKABfu/gjFj8DvLrYVHSBNC+/u5PeNrujiSQ1zwd1Q==",
      "os": ["linux"],
      "cpu": ["arm"]
    },
    "@parcel/watcher-linux-arm64-glibc@2.5.1": {
      "integrity": "sha512-LrGp+f02yU3BN9A+DGuY3v3bmnFUggAITBGriZHUREfNEzZh/GO06FF5u2kx8x+GBEUYfyTGamol4j3m9ANe8w==",
      "os": ["linux"],
      "cpu": ["arm64"]
    },
    "@parcel/watcher-linux-arm64-musl@2.5.1": {
      "integrity": "sha512-cFOjABi92pMYRXS7AcQv9/M1YuKRw8SZniCDw0ssQb/noPkRzA+HBDkwmyOJYp5wXcsTrhxO0zq1U11cK9jsFg==",
      "os": ["linux"],
      "cpu": ["arm64"]
    },
    "@parcel/watcher-linux-x64-glibc@2.5.1": {
      "integrity": "sha512-GcESn8NZySmfwlTsIur+49yDqSny2IhPeZfXunQi48DMugKeZ7uy1FX83pO0X22sHntJ4Ub+9k34XQCX+oHt2A==",
      "os": ["linux"],
      "cpu": ["x64"]
    },
    "@parcel/watcher-linux-x64-musl@2.5.1": {
      "integrity": "sha512-n0E2EQbatQ3bXhcH2D1XIAANAcTZkQICBPVaxMeaCVBtOpBZpWJuf7LwyWPSBDITb7In8mqQgJ7gH8CILCURXg==",
      "os": ["linux"],
      "cpu": ["x64"]
    },
    "@parcel/watcher-win32-arm64@2.5.1": {
      "integrity": "sha512-RFzklRvmc3PkjKjry3hLF9wD7ppR4AKcWNzH7kXR7GUe0Igb3Nz8fyPwtZCSquGrhU5HhUNDr/mKBqj7tqA2Vw==",
      "os": ["win32"],
      "cpu": ["arm64"]
    },
    "@parcel/watcher-win32-ia32@2.5.1": {
      "integrity": "sha512-c2KkcVN+NJmuA7CGlaGD1qJh1cLfDnQsHjE89E60vUEMlqduHGCdCLJCID5geFVM0dOtA3ZiIO8BoEQmzQVfpQ==",
      "os": ["win32"],
      "cpu": ["ia32"]
    },
    "@parcel/watcher-win32-x64@2.5.1": {
      "integrity": "sha512-9lHBdJITeNR++EvSQVUcaZoWupyHfXe1jZvGZ06O/5MflPcuPLtEphScIBL+AiCWBO46tDSHzWyD0uDmmZqsgA==",
      "os": ["win32"],
      "cpu": ["x64"]
    },
    "@parcel/watcher@2.5.1": {
      "integrity": "sha512-dfUnCxiN9H4ap84DvD2ubjw+3vUNpstxa0TneY/Paat8a3R4uQZDLSvWjmznAY/DoahqTHl9V46HF/Zs3F29pg==",
      "dependencies": [
        "detect-libc",
        "is-glob",
        "micromatch",
        "node-addon-api"
      ],
      "optionalDependencies": [
        "@parcel/watcher-android-arm64",
        "@parcel/watcher-darwin-arm64",
        "@parcel/watcher-darwin-x64",
        "@parcel/watcher-freebsd-x64",
        "@parcel/watcher-linux-arm-glibc",
        "@parcel/watcher-linux-arm-musl",
        "@parcel/watcher-linux-arm64-glibc",
        "@parcel/watcher-linux-arm64-musl",
        "@parcel/watcher-linux-x64-glibc",
        "@parcel/watcher-linux-x64-musl",
        "@parcel/watcher-win32-arm64",
        "@parcel/watcher-win32-ia32",
        "@parcel/watcher-win32-x64"
      ],
      "scripts": true
    },
    "@standard-schema/spec@1.1.0": {
      "integrity": "sha512-l2aFy5jALhniG5HgqrD6jXLi/rUWrKvqN/qJx6yoJsgKhblVd+iqqU4RCXavm/jPityDo5TCvKMnpjKnOriy0w=="
    },
    "braces@3.0.3": {
      "integrity": "sha512-yQbXgO/OSZVD2IsiLlro+7Hf6Q18EJrKSEsdoMzKePKXct3gvD8oLcOQdIzGupr5Fj+EDe8gO/lxc1BzfMpxvA==",
      "dependencies": [
        "fill-range"
      ]
    },
    "chokidar@4.0.3": {
      "integrity": "sha512-Qgzu8kfBvo+cA4962jnP1KkS6Dop5NS6g7R5LFYJr4b8Ub94PPQXUksCw9PvXoeXPRRddRNC5C1JQUR2SMGtnA==",
      "dependencies": [
        "readdirp"
      ]
    },
    "detect-libc@1.0.3": {
      "integrity": "sha512-pGjwhsmsp4kL2RTz08wcOlGN83otlqHeD/Z5T8GXZB+/YcpQ/dgo+lbU8ZsGxV0HIvqqxo9l7mqYwyYMD9bKDg==",
      "bin": true
    },
    "entities@6.0.1": {
      "integrity": "sha512-aN97NXWF6AWBTahfVOIrB/NShkzi5H7F9r1s9mD3cDj4Ko5f2qhhVoYMibXF7GlLveb/D2ioWay8lxI97Ven3g=="
    },
    "fill-range@7.1.1": {
      "integrity": "sha512-YsGpe3WHLK8ZYi4tWDg2Jy3ebRz2rXowDxnld4bkQB00cc/1Zw9AWnC0i9ztDJitivtQvaI9KaLyKrc+hBW0yg==",
      "dependencies": [
        "to-regex-range"
      ]
    },
    "immutable@5.1.4": {
      "integrity": "sha512-p6u1bG3YSnINT5RQmx/yRZBpenIl30kVxkTLDyHLIMk0gict704Q9n+thfDI7lTRm9vXdDYutVzXhzcThxTnXA=="
    },
    "is-extglob@2.1.1": {
      "integrity": "sha512-SbKbANkN603Vi4jEZv49LeVJMn4yGwsbzZworEoyEiutsN3nJYdbO36zfhGJ6QEDpOZIFkDtnq5JRxmvl3jsoQ=="
    },
    "is-glob@4.0.3": {
      "integrity": "sha512-xelSayHH36ZgE7ZWhli7pW34hNbNl8Ojv5KVmkJD4hBdD3th8Tfk9vYasLM+mXWOZhFkgZfxhLSnrwRr4elSSg==",
      "dependencies": [
        "is-extglob"
      ]
    },
    "is-number@7.0.0": {
      "integrity": "sha512-41Cifkg6e8TylSpdtTpeLVMqvSBEVzTttHvERD741+pnZ8ANv0004MRL43QKPDlK9cGvNp6NZWZUBlbGXYxxng=="
    },
    "micromatch@4.0.8": {
      "integrity": "sha512-PXwfBhYu0hBCPw8Dn0E+WDYb7af3dSLVWKi3HGv84IdF4TyFoC0ysxFd0Goxw7nSv4T/PzEJQxsYsEiFCKo2BA==",
      "dependencies": [
        "braces",
        "picomatch"
      ]
    },
    "node-addon-api@7.1.1": {
      "integrity": "sha512-5m3bsyrjFWE1xf7nz7YXdN4udnVtXK6/Yfgn5qnahL6bCkf2yKt4k3nuTKAtT4r3IG8JNR2ncsIMdZuAzJjHQQ=="
    },
    "parse5@8.0.0": {
      "integrity": "sha512-9m4m5GSgXjL4AjumKzq1Fgfp3Z8rsvjRNbnkVwfu2ImRqE5D0LnY2QfDen18FSY9C573YU5XxSapdHZTZ2WolA==",
      "dependencies": [
        "entities"
      ]
    },
    "picomatch@2.3.1": {
      "integrity": "sha512-JU3teHTNjmE2VCGFzuY8EXzCDVwEqB2a8fsIvwaStHhAWJEeVd1o1QD80CU6+ZdEXXSLbSsuLwJjkCBWqRQUVA=="
    },
    "readdirp@4.1.2": {
      "integrity": "sha512-GDhwkLfywWL2s6vEjyhri+eXmfH6j1L7JE27WhqLeYzoh/A3DBaYGEj2H/HFZCn/kMfim73FXxEJTw06WtxQwg=="
    },
    "rxjs@7.8.2": {
      "integrity": "sha512-dhKf903U/PQZY6boNNtAGdWbG85WAbjT/1xYoZIC7FAY0yWapOBQVsVrDl58W86//e1VpMNBtRV4MaXfdMySFA==",
      "dependencies": [
        "tslib"
      ]
    },
    "sass@1.97.2": {
      "integrity": "sha512-y5LWb0IlbO4e97Zr7c3mlpabcbBtS+ieiZ9iwDooShpFKWXf62zz5pEPdwrLYm+Bxn1fnbwFGzHuCLSA9tBmrw==",
      "dependencies": [
        "chokidar",
        "immutable",
        "source-map-js"
      ],
      "optionalDependencies": [
        "@parcel/watcher"
      ],
      "bin": true
    },
    "source-map-js@1.2.1": {
      "integrity": "sha512-UXWMKhLOwVKb728IUtQPXxfYU+usdybtUrK/8uGE8CQMvrhOpwvzDBwj0QhSL7MQc7vIsISBG8VQ8+IDQxpfQA=="
    },
    "to-regex-range@5.0.1": {
      "integrity": "sha512-65P7iz6X5yEr1cwcgvQxbbIw7Uk3gOy5dIdtZ4rDveLqhrdJP+Li/Hx6tyK0NEb+2GCyneCMJiGqrADCSNk8sQ==",
      "dependencies": [
        "is-number"
      ]
    },
    "tslib@2.8.1": {
      "integrity": "sha512-oJFu94HQb+KVduSUQL7wnpmqnfmLsOA/nAh6b6EH0wCEoK0/mPeXU6c3wKDV83MkOuHPRHtSXKKU99IBazS/2w=="
    }
  },
  "workspace": {
    "dependencies": [
      "npm:@angular/cdk@^21.0.6",
      "npm:@angular/material@^21.0.6",
      "npm:@catppuccin/palette@^1.7.1",
      "npm:sass@^1.97.2"
    ]
  }
}
